
Microsoft Visual Studio Solution File, Format Version 12.00
# Visual Studio 15
VisualStudioVersion = 15.0.27703.2047
MinimumVisualStudioVersion = 10.0.40219.1
Project("{FAE04EC0-301F-11D3-BF4B-00C04F79EFBC}") = "Generic List", "Generic List\Generic List.csproj", "{73AD8A2C-546B-489C-AD8D-3C68B91215DB}"
EndProject
Global
	GlobalSection(SolutionConfigurationPlatforms) = preSolution
		Debug|Any CPU = Debug|Any CPU
		Release|Any CPU = Release|Any CPU
	EndGlobalSection
	GlobalSection(ProjectConfigurationPlatforms) = postSolution
		{73AD8A2C-546B-489C-AD8D-3C68B91215DB}.Debug|Any CPU.ActiveCfg = Debug|Any CPU
		{73AD8A2C-546B-489C-AD8D-3C68B91215DB}.Debug|Any CPU.Build.0 = Debug|Any CPU
		{73AD8A2C-546B-489C-AD8D-3C68B91215DB}.Release|Any CPU.ActiveCfg = Release|Any CPU
		{73AD8A2C-546B-489C-AD8D-3C68B91215DB}.Release|Any CPU.Build.0 = Release|Any CPU
	EndGlobalSection
	GlobalSection(SolutionProperties) = preSolution
		HideSolutionNode = FALSE
	EndGlobalSection
	GlobalSection(ExtensibilityGlobals) = postSolution
		SolutionGuid = {7CBA188C-DED6-4AA1-811E-29E18F870417}
	EndGlobalSection
EndGlobal
